// !$*UTF8*$!
{
	archiveVersion = 1;
	classes = {
	};
	objectVersion = 46;
	objects = {

/* Begin PBXBuildFile section */
		7FDDCF931EA7513500724A46 /* AppDelegate.swift in Sources */ = {isa = PBXBuildFile; fileRef = 7FDDCF921EA7513500724A46 /* AppDelegate.swift */; };
		7FDDCF951EA7513500724A46 /* ViewController.swift in Sources */ = {isa = PBXBuildFile; fileRef = 7FDDCF941EA7513500724A46 /* ViewController.swift */; };
		7FDDCF981EA7513500724A46 /* Main.storyboard in Resources */ = {isa = PBXBuildFile; fileRef = 7FDDCF961EA7513500724A46 /* Main.storyboard */; };
		7FDDCF9A1EA7513500724A46 /* Assets.xcassets in Resources */ = {isa = PBXBuildFile; fileRef = 7FDDCF991EA7513500724A46 /* Assets.xcassets */; };
		7FDDCF9D1EA7513500724A46 /* LaunchScreen.storyboard in Resources */ = {isa = PBXBuildFile; fileRef = 7FDDCF9B1EA7513500724A46 /* LaunchScreen.storyboard */; };
		7FDDCFA51EA7520D00724A46 /* PostService.swift in Sources */ = {isa = PBXBuildFile; fileRef = 7FDDCFA41EA7520D00724A46 /* PostService.swift */; };
		7FDDCFA71EA7541D00724A46 /* Post.swift in Sources */ = {isa = PBXBuildFile; fileRef = 7FDDCFA61EA7541D00724A46 /* Post.swift */; };
		A20B77F9FD79FC1FE06A8E8B /* Pods_Alalala.framework in Frameworks */ = {isa = PBXBuildFile; fileRef = E3540549A92600CBFB3F21E8 /* Pods_Alalala.framework */; };
/* End PBXBuildFile section */

/* Begin PBXFileReference section */
		151E8A9F81881DFC0E4E5A96 /* Pods-Alalala.debug.xcconfig */ = {isa = PBXFileReference; includeInIndex = 1; lastKnownFileType = text.xcconfig; name = "Pods-Alalala.debug.xcconfig"; path = "Pods/Target Support Files/Pods-Alalala/Pods-Alalala.debug.xcconfig"; sourceTree = "<group>"; };
		7FDDCF8F1EA7513500724A46 /* Alalala.app */ = {isa = PBXFileReference; explicitFileType = wrapper.application; includeInIndex = 0; path = Alalala.app; sourceTree = BUILT_PRODUCTS_DIR; };
		7FDDCF921EA7513500724A46 /* AppDelegate.swift */ = {isa = PBXFileReference; lastKnownFileType = sourcecode.swift; path = AppDelegate.swift; sourceTree = "<group>"; };
		7FDDCF941EA7513500724A46 /* ViewController.swift */ = {isa = PBXFileReference; lastKnownFileType = sourcecode.swift; path = ViewController.swift; sourceTree = "<group>"; };
		7FDDCF971EA7513500724A46 /* Base */ = {isa = PBXFileReference; lastKnownFileType = file.storyboard; name = Base; path = Base.lproj/Main.storyboard; sourceTree = "<group>"; };
		7FDDCF991EA7513500724A46 /* Assets.xcassets */ = {isa = PBXFileReference; lastKnownFileType = folder.assetcatalog; path = Assets.xcassets; sourceTree = "<group>"; };
		7FDDCF9C1EA7513500724A46 /* Base */ = {isa = PBXFileReference; lastKnownFileType = file.storyboard; name = Base; path = Base.lproj/LaunchScreen.storyboard; sourceTree = "<group>"; };
		7FDDCF9E1EA7513500724A46 /* Info.plist */ = {isa = PBXFileReference; lastKnownFileType = text.plist.xml; path = Info.plist; sourceTree = "<group>"; };
		7FDDCFA41EA7520D00724A46 /* PostService.swift */ = {isa = PBXFileReference; fileEncoding = 4; lastKnownFileType = sourcecode.swift; path = PostService.swift; sourceTree = "<group>"; };
		7FDDCFA61EA7541D00724A46 /* Post.swift */ = {isa = PBXFileReference; fileEncoding = 4; lastKnownFileType = sourcecode.swift; path = Post.swift; sourceTree = "<group>"; };
		DF78C8E69823F2817073968C /* Pods-Alalala.release.xcconfig */ = {isa = PBXFileReference; includeInIndex = 1; lastKnownFileType = text.xcconfig; name = "Pods-Alalala.release.xcconfig"; path = "Pods/Target Support Files/Pods-Alalala/Pods-Alalala.release.xcconfig"; sourceTree = "<group>"; };
		E3540549A92600CBFB3F21E8 /* Pods_Alalala.framework */ = {isa = PBXFileReference; explicitFileType = wrapper.framework; includeInIndex = 0; path = Pods_Alalala.framework; sourceTree = BUILT_PRODUCTS_DIR; };
/* End PBXFileReference section */

/* Begin PBXFrameworksBuildPhase section */
		7FDDCF8C1EA7513500724A46 /* Frameworks */ = {
			isa = PBXFrameworksBuildPhase;
			buildActionMask = 2147483647;
			files = (
				A20B77F9FD79FC1FE06A8E8B /* Pods_Alalala.framework in Frameworks */,
			);
			runOnlyForDeploymentPostprocessing = 0;
		};
/* End PBXFrameworksBuildPhase section */

/* Begin PBXGroup section */
		43914D6D4B5567155B56DFD8 /* Pods */ = {
			isa = PBXGroup;
			children = (
				151E8A9F81881DFC0E4E5A96 /* Pods-Alalala.debug.xcconfig */,
				DF78C8E69823F2817073968C /* Pods-Alalala.release.xcconfig */,
			);
			name = Pods;
			sourceTree = "<group>";
		};
		6B6D6804BD8FC468BFB7A1B8 /* Frameworks */ = {
			isa = PBXGroup;
			children = (
				E3540549A92600CBFB3F21E8 /* Pods_Alalala.framework */,
			);
			name = Frameworks;
			sourceTree = "<group>";
		};
		7FDDCF861EA7513500724A46 = {
			isa = PBXGroup;
			children = (
				7FDDCF911EA7513500724A46 /* Alalala */,
				7FDDCF901EA7513500724A46 /* Products */,
				43914D6D4B5567155B56DFD8 /* Pods */,
				6B6D6804BD8FC468BFB7A1B8 /* Frameworks */,
			);
			sourceTree = "<group>";
		};
		7FDDCF901EA7513500724A46 /* Products */ = {
			isa = PBXGroup;
			children = (
				7FDDCF8F1EA7513500724A46 /* Alalala.app */,
			);
			name = Products;
			sourceTree = "<group>";
		};
		7FDDCF911EA7513500724A46 /* Alalala */ = {
			isa = PBXGroup;
			children = (
				7FDDCF921EA7513500724A46 /* AppDelegate.swift */,
				7FDDCF941EA7513500724A46 /* ViewController.swift */,
				7FDDCF961EA7513500724A46 /* Main.storyboard */,
				7FDDCF991EA7513500724A46 /* Assets.xcassets */,
				7FDDCF9B1EA7513500724A46 /* LaunchScreen.storyboard */,
				7FDDCF9E1EA7513500724A46 /* Info.plist */,
				7FDDCFA41EA7520D00724A46 /* PostService.swift */,
				7FDDCFA61EA7541D00724A46 /* Post.swift */,
			);
			path = Alalala;
			sourceTree = "<group>";
		};
/* End PBXGroup section */

/* Begin PBXNativeTarget section */
		7FDDCF8E1EA7513500724A46 /* Alalala */ = {
			isa = PBXNativeTarget;
			buildConfigurationList = 7FDDCFA11EA7513500724A46 /* Build configuration list for PBXNativeTarget "Alalala" */;
			buildPhases = (
				6EB2AD0C150566412581E536 /* [CP] Check Pods Manifest.lock */,
				7FDDCF8B1EA7513500724A46 /* Sources */,
				7FDDCF8C1EA7513500724A46 /* Frameworks */,
				7FDDCF8D1EA7513500724A46 /* Resources */,
				2E2424AED3FC420092ED75D1 /* [CP] Embed Pods Frameworks */,
				EBAA91FD341D84212CBB4E47 /* [CP] Copy Pods Resources */,
			);
			buildRules = (
			);
			dependencies = (
			);
			name = Alalala;
			productName = Alalala;
			productReference = 7FDDCF8F1EA7513500724A46 /* Alalala.app */;
			productType = "com.apple.product-type.application";
		};
/* End PBXNativeTarget section */

/* Begin PBXProject section */
		7FDDCF871EA7513500724A46 /* Project object */ = {
			isa = PBXProject;
			attributes = {
				LastSwiftUpdateCheck = 0830;
				LastUpgradeCheck = 0830;
				ORGANIZATIONNAME = "jungwan jin";
				TargetAttributes = {
					7FDDCF8E1EA7513500724A46 = {
						CreatedOnToolsVersion = 8.3.1;
						DevelopmentTeam = WV232D7R7X;
						ProvisioningStyle = Automatic;
					};
				};
			};
			buildConfigurationList = 7FDDCF8A1EA7513500724A46 /* Build configuration list for PBXProject "Alalala" */;
			compatibilityVersion = "Xcode 3.2";
			developmentRegion = English;
			hasScannedForEncodings = 0;
			knownRegions = (
				en,
				Base,
			);
			mainGroup = 7FDDCF861EA7513500724A46;
			productRefGroup = 7FDDCF901EA7513500724A46 /* Products */;
			projectDirPath = "";
			projectRoot = "";
			targets = (
				7FDDCF8E1EA7513500724A46 /* Alalala */,
			);
		};
/* End PBXProject section */

/* Begin PBXResourcesBuildPhase section */
		7FDDCF8D1EA7513500724A46 /* Resources */ = {
			isa = PBXResourcesBuildPhase;
			buildActionMask = 2147483647;
			files = (
				7FDDCF9D1EA7513500724A46 /* LaunchScreen.storyboard in Resources */,
				7FDDCF9A1EA7513500724A46 /* Assets.xcassets in Resources */,
				7FDDCF981EA7513500724A46 /* Main.storyboard in Resources */,
			);
			runOnlyForDeploymentPostprocessing = 0;
		};
/* End PBXResourcesBuildPhase section */

/* Begin PBXShellScriptBuildPhase section */
		2E2424AED3FC420092ED75D1 /* [CP] Embed Pods Frameworks */ = {
			isa = PBXShellScriptBuildPhase;
			buildActionMask = 2147483647;
			files = (
			);
			inputPaths = (
			);
			name = "[CP] Embed Pods Frameworks";
			outputPaths = (
			);
			runOnlyForDeploymentPostprocessing = 0;
			shellPath = /bin/sh;
			shellScript = "\"${SRCROOT}/Pods/Target Support Files/Pods-Alalala/Pods-Alalala-frameworks.sh\"\n";
			showEnvVarsInLog = 0;
		};
		6EB2AD0C150566412581E536 /* [CP] Check Pods Manifest.lock */ = {
			isa = PBXShellScriptBuildPhase;
			buildActionMask = 2147483647;
			files = (
			);
			inputPaths = (
			);
			name = "[CP] Check Pods Manifest.lock";
			outputPaths = (
			);
			runOnlyForDeploymentPostprocessing = 0;
			shellPath = /bin/sh;
			shellScript = "diff \"${PODS_PODFILE_DIR_PATH}/Podfile.lock\" \"${PODS_ROOT}/Manifest.lock\" > /dev/null\nif [ $? != 0 ] ; then\n    # print error to STDERR\n    echo \"error: The sandbox is not in sync with the Podfile.lock. Run 'pod install' or update your CocoaPods installation.\" >&2\n    exit 1\nfi\n";
			showEnvVarsInLog = 0;
		};
		EBAA91FD341D84212CBB4E47 /* [CP] Copy Pods Resources */ = {
			isa = PBXShellScriptBuildPhase;
			buildActionMask = 2147483647;
			files = (
			);
			inputPaths = (
			);
			name = "[CP] Copy Pods Resources";
			outputPaths = (
			);
			runOnlyForDeploymentPostprocessing = 0;
			shellPath = /bin/sh;
			shellScript = "\"${SRCROOT}/Pods/Target Support Files/Pods-Alalala/Pods-Alalala-resources.sh\"\n";
			showEnvVarsInLog = 0;
		};
/* End PBXShellScriptBuildPhase section */

/* Begin PBXSourcesBuildPhase section */
		7FDDCF8B1EA7513500724A46 /* Sources */ = {
			isa = PBXSourcesBuildPhase;
			buildActionMask = 2147483647;
			files = (
				7FDDCF951EA7513500724A46 /* ViewController.swift in Sources */,
				7FDDCFA51EA7520D00724A46 /* PostService.swift in Sources */,
				7FDDCF931EA7513500724A46 /* AppDelegate.swift in Sources */,
				7FDDCFA71EA7541D00724A46 /* Post.swift in Sources */,
			);
			runOnlyForDeploymentPostprocessing = 0;
		};
/* End PBXSourcesBuildPhase section */

/* Begin PBXVariantGroup section */
		7FDDCF961EA7513500724A46 /* Main.storyboard */ = {
			isa = PBXVariantGroup;
			children = (
				7FDDCF971EA7513500724A46 /* Base */,
			);
			name = Main.storyboard;
			sourceTree = "<group>";
		};
		7FDDCF9B1EA7513500724A46 /* LaunchScreen.storyboard */ = {
			isa = PBXVariantGroup;
			children = (
				7FDDCF9C1EA7513500724A46 /* Base */,
			);
			name = LaunchScreen.storyboard;
			sourceTree = "<group>";
		};
/* End PBXVariantGroup section */

/* Begin XCBuildConfiguration section */
		7FDDCF9F1EA7513500724A46 /* Debug */ = {
			isa = XCBuildConfiguration;
			buildSettings = {
				ALWAYS_SEARCH_USER_PATHS = NO;
				CLANG_ANALYZER_NONNULL = YES;
				CLANG_ANALYZER_NUMBER_OBJECT_CONVERSION = YES_AGGRESSIVE;
				CLANG_CXX_LANGUAGE_STANDARD = "gnu++0x";
				CLANG_CXX_LIBRARY = "libc++";
				CLANG_ENABLE_MODULES = YES;
				CLANG_ENABLE_OBJC_ARC = YES;
				CLANG_WARN_BOOL_CONVERSION = YES;
				CLANG_WARN_CONSTANT_CONVERSION = YES;
				CLANG_WARN_DIRECT_OBJC_ISA_USAGE = YES_ERROR;
				CLANG_WARN_DOCUMENTATION_COMMENTS = YES;
				CLANG_WARN_EMPTY_BODY = YES;
				CLANG_WARN_ENUM_CONVERSION = YES;
				CLANG_WARN_INFINITE_RECURSION = YES;
				CLANG_WARN_INT_CONVERSION = YES;
				CLANG_WARN_OBJC_ROOT_CLASS = YES_ERROR;
				CLANG_WARN_SUSPICIOUS_MOVE = YES;
				CLANG_WARN_UNREACHABLE_CODE = YES;
				CLANG_WARN__DUPLICATE_METHOD_MATCH = YES;
				"CODE_SIGN_IDENTITY[sdk=iphoneos*]" = "iPhone Developer";
				COPY_PHASE_STRIP = NO;
				DEBUG_INFORMATION_FORMAT = dwarf;
				ENABLE_STRICT_OBJC_MSGSEND = YES;
				ENABLE_TESTABILITY = YES;
				GCC_C_LANGUAGE_STANDARD = gnu99;
				GCC_DYNAMIC_NO_PIC = NO;
				GCC_NO_COMMON_BLOCKS = YES;
				GCC_OPTIMIZATION_LEVEL = 0;
				GCC_PREPROCESSOR_DEFINITIONS = (
					"DEBUG=1",
					"$(inherited)",
				);
				GCC_WARN_64_TO_32_BIT_CONVERSION = YES;
				GCC_WARN_ABOUT_RETURN_TYPE = YES_ERROR;
				GCC_WARN_UNDECLARED_SELECTOR = YES;
				GCC_WARN_UNINITIALIZED_AUTOS = YES_AGGRESSIVE;
				GCC_WARN_UNUSED_FUNCTION = YES;
				GCC_WARN_UNUSED_VARIABLE = YES;
				IPHONEOS_DEPLOYMENT_TARGET = 10.3;
				MTL_ENABLE_DEBUG_INFO = YES;
				ONLY_ACTIVE_ARCH = YES;
				SDKROOT = iphoneos;
				SWIFT_ACTIVE_COMPILATION_CONDITIONS = DEBUG;
				SWIFT_OPTIMIZATION_LEVEL = "-Onone";
				TARGETED_DEVICE_FAMILY = "1,2";
			};
			name = Debug;
		};
		7FDDCFA01EA7513500724A46 /* Release */ = {
			isa = XCBuildConfiguration;
			buildSettings = {
				ALWAYS_SEARCH_USER_PATHS = NO;
				CLANG_ANALYZER_NONNULL = YES;
				CLANG_ANALYZER_NUMBER_OBJECT_CONVERSION = YES_AGGRESSIVE;
				CLANG_CXX_LANGUAGE_STANDARD = "gnu++0x";
				CLANG_CXX_LIBRARY = "libc++";
				CLANG_ENABLE_MODULES = YES;
				CLANG_ENABLE_OBJC_ARC = YES;
				CLANG_WARN_BOOL_CONVERSION = YES;
				CLANG_WARN_CONSTANT_CONVERSION = YES;
				CLANG_WARN_DIRECT_OBJC_ISA_USAGE = YES_ERROR;
				CLANG_WARN_DOCUMENTATION_COMMENTS = YES;
				CLANG_WARN_EMPTY_BODY = YES;
				CLANG_WARN_ENUM_CONVERSION = YES;
				CLANG_WARN_INFINITE_RECURSION = YES;
				CLANG_WARN_INT_CONVERSION = YES;
				CLANG_WARN_OBJC_ROOT_CLASS = YES_ERROR;
				CLANG_WARN_SUSPICIOUS_MOVE = YES;
				CLANG_WARN_UNREACHABLE_CODE = YES;
				CLANG_WARN__DUPLICATE_METHOD_MATCH = YES;
				"CODE_SIGN_IDENTITY[sdk=iphoneos*]" = "iPhone Developer";
				COPY_PHASE_STRIP = NO;
				DEBUG_INFORMATION_FORMAT = "dwarf-with-dsym";
				ENABLE_NS_ASSERTIONS = NO;
				ENABLE_STRICT_OBJC_MSGSEND = YES;
				GCC_C_LANGUAGE_STANDARD = gnu99;
				GCC_NO_COMMON_BLOCKS = YES;
				GCC_WARN_64_TO_32_BIT_CONVERSION = YES;
				GCC_WARN_ABOUT_RETURN_TYPE = YES_ERROR;
				GCC_WARN_UNDECLARED_SELECTOR = YES;
				GCC_WARN_UNINITIALIZED_AUTOS = YES_AGGRESSIVE;
				GCC_WARN_UNUSED_FUNCTION = YES;
				GCC_WARN_UNUSED_VARIABLE = YES;
				IPHONEOS_DEPLOYMENT_TARGET = 10.3;
				MTL_ENABLE_DEBUG_INFO = NO;
				SDKROOT = iphoneos;
				SWIFT_OPTIMIZATION_LEVEL = "-Owholemodule";
				TARGETED_DEVICE_FAMILY = "1,2";
				VALIDATE_PRODUCT = YES;
			};
			name = Release;
		};
		7FDDCFA21EA7513500724A46 /* Debug */ = {
			isa = XCBuildConfiguration;
			baseConfigurationReference = 151E8A9F81881DFC0E4E5A96 /* Pods-Alalala.debug.xcconfig */;
			buildSettings = {
				ASSETCATALOG_COMPILER_APPICON_NAME = AppIcon;
				DEVELOPMENT_TEAM = WV232D7R7X;
				INFOPLIST_FILE = Alalala/Info.plist;
				LD_RUNPATH_SEARCH_PATHS = "$(inherited) @executable_path/Frameworks";
				PRODUCT_BUNDLE_IDENTIFIER = com.codesquad.Alalala;
				PRODUCT_NAME = "$(TARGET_NAME)";
				SWIFT_VERSION = 3.0;
			};
			name = Debug;
		};
		7FDDCFA31EA7513500724A46 /* Release */ = {
			isa = XCBuildConfiguration;
			baseConfigurationReference = DF78C8E69823F2817073968C /* Pods-Alalala.release.xcconfig */;
			buildSettings = {
				ASSETCATALOG_COMPILER_APPICON_NAME = AppIcon;
				DEVELOPMENT_TEAM = WV232D7R7X;
				INFOPLIST_FILE = Alalala/Info.plist;
				LD_RUNPATH_SEARCH_PATHS = "$(inherited) @executable_path/Frameworks";
				PRODUCT_BUNDLE_IDENTIFIER = com.codesquad.Alalala;
				PRODUCT_NAME = "$(TARGET_NAME)";
				SWIFT_VERSION = 3.0;
			};
			name = Release;
		};
/* End XCBuildConfiguration section */

/* Begin XCConfigurationList section */
		7FDDCF8A1EA7513500724A46 /* Build configuration list for PBXProject "Alalala" */ = {
			isa = XCConfigurationList;
			buildConfigurations = (
				7FDDCF9F1EA7513500724A46 /* Debug */,
				7FDDCFA01EA7513500724A46 /* Release */,
			);
			defaultConfigurationIsVisible = 0;
			defaultConfigurationName = Release;
		};
		7FDDCFA11EA7513500724A46 /* Build configuration list for PBXNativeTarget "Alalala" */ = {
			isa = XCConfigurationList;
			buildConfigurations = (
				7FDDCFA21EA7513500724A46 /* Debug */,
				7FDDCFA31EA7513500724A46 /* Release */,
			);
			defaultConfigurationIsVisible = 0;
			defaultConfigurationName = Release;
		};
/* End XCConfigurationList section */
	};
	rootObject = 7FDDCF871EA7513500724A46 /* Project object */;
}
