// !$*UTF8*$!
{
	archiveVersion = 1;
	classes = {
	};
	objectVersion = 46;
	objects = {

/* Begin PBXBuildFile section */
		7FDEE20A1E836A2F004F9125 /* AppDelegate.swift in Sources */ = {isa = PBXBuildFile; fileRef = 7FDEE2091E836A2F004F9125 /* AppDelegate.swift */; };
		7FDEE20C1E836A2F004F9125 /* ViewController.swift in Sources */ = {isa = PBXBuildFile; fileRef = 7FDEE20B1E836A2F004F9125 /* ViewController.swift */; };
		7FDEE20F1E836A2F004F9125 /* Main.storyboard in Resources */ = {isa = PBXBuildFile; fileRef = 7FDEE20D1E836A2F004F9125 /* Main.storyboard */; };
		7FDEE2111E836A2F004F9125 /* Assets.xcassets in Resources */ = {isa = PBXBuildFile; fileRef = 7FDEE2101E836A2F004F9125 /* Assets.xcassets */; };
		7FDEE2141E836A2F004F9125 /* LaunchScreen.storyboard in Resources */ = {isa = PBXBuildFile; fileRef = 7FDEE2121E836A2F004F9125 /* LaunchScreen.storyboard */; };
/* End PBXBuildFile section */

/* Begin PBXFileReference section */
		7FDEE2061E836A2F004F9125 /* P7-2.app */ = {isa = PBXFileReference; explicitFileType = wrapper.application; includeInIndex = 0; path = "P7-2.app"; sourceTree = BUILT_PRODUCTS_DIR; };
		7FDEE2091E836A2F004F9125 /* AppDelegate.swift */ = {isa = PBXFileReference; lastKnownFileType = sourcecode.swift; path = AppDelegate.swift; sourceTree = "<group>"; };
		7FDEE20B1E836A2F004F9125 /* ViewController.swift */ = {isa = PBXFileReference; lastKnownFileType = sourcecode.swift; path = ViewController.swift; sourceTree = "<group>"; };
		7FDEE20E1E836A2F004F9125 /* Base */ = {isa = PBXFileReference; lastKnownFileType = file.storyboard; name = Base; path = Base.lproj/Main.storyboard; sourceTree = "<group>"; };
		7FDEE2101E836A2F004F9125 /* Assets.xcassets */ = {isa = PBXFileReference; lastKnownFileType = folder.assetcatalog; path = Assets.xcassets; sourceTree = "<group>"; };
		7FDEE2131E836A2F004F9125 /* Base */ = {isa = PBXFileReference; lastKnownFileType = file.storyboard; name = Base; path = Base.lproj/LaunchScreen.storyboard; sourceTree = "<group>"; };
		7FDEE2151E836A2F004F9125 /* Info.plist */ = {isa = PBXFileReference; lastKnownFileType = text.plist.xml; path = Info.plist; sourceTree = "<group>"; };
/* End PBXFileReference section */

/* Begin PBXFrameworksBuildPhase section */
		7FDEE2031E836A2F004F9125 /* Frameworks */ = {
			isa = PBXFrameworksBuildPhase;
			buildActionMask = 2147483647;
			files = (
			);
			runOnlyForDeploymentPostprocessing = 0;
		};
/* End PBXFrameworksBuildPhase section */

/* Begin PBXGroup section */
		7FDEE1FD1E836A2F004F9125 = {
			isa = PBXGroup;
			children = (
				7FDEE2081E836A2F004F9125 /* P7-2 */,
				7FDEE2071E836A2F004F9125 /* Products */,
			);
			sourceTree = "<group>";
		};
		7FDEE2071E836A2F004F9125 /* Products */ = {
			isa = PBXGroup;
			children = (
				7FDEE2061E836A2F004F9125 /* P7-2.app */,
			);
			name = Products;
			sourceTree = "<group>";
		};
		7FDEE2081E836A2F004F9125 /* P7-2 */ = {
			isa = PBXGroup;
			children = (
				7FDEE2091E836A2F004F9125 /* AppDelegate.swift */,
				7FDEE20B1E836A2F004F9125 /* ViewController.swift */,
				7FDEE20D1E836A2F004F9125 /* Main.storyboard */,
				7FDEE2101E836A2F004F9125 /* Assets.xcassets */,
				7FDEE2121E836A2F004F9125 /* LaunchScreen.storyboard */,
				7FDEE2151E836A2F004F9125 /* Info.plist */,
			);
			path = "P7-2";
			sourceTree = "<group>";
		};
/* End PBXGroup section */

/* Begin PBXNativeTarget section */
		7FDEE2051E836A2F004F9125 /* P7-2 */ = {
			isa = PBXNativeTarget;
			buildConfigurationList = 7FDEE2181E836A2F004F9125 /* Build configuration list for PBXNativeTarget "P7-2" */;
			buildPhases = (
				7FDEE2021E836A2F004F9125 /* Sources */,
				7FDEE2031E836A2F004F9125 /* Frameworks */,
				7FDEE2041E836A2F004F9125 /* Resources */,
			);
			buildRules = (
			);
			dependencies = (
			);
			name = "P7-2";
			productName = "P7-2";
			productReference = 7FDEE2061E836A2F004F9125 /* P7-2.app */;
			productType = "com.apple.product-type.application";
		};
/* End PBXNativeTarget section */

/* Begin PBXProject section */
		7FDEE1FE1E836A2F004F9125 /* Project object */ = {
			isa = PBXProject;
			attributes = {
				LastSwiftUpdateCheck = 0820;
				LastUpgradeCheck = 0820;
				ORGANIZATIONNAME = "jungwan jin";
				TargetAttributes = {
					7FDEE2051E836A2F004F9125 = {
						CreatedOnToolsVersion = 8.2.1;
						ProvisioningStyle = Automatic;
					};
				};
			};
			buildConfigurationList = 7FDEE2011E836A2F004F9125 /* Build configuration list for PBXProject "P7-2" */;
			compatibilityVersion = "Xcode 3.2";
			developmentRegion = English;
			hasScannedForEncodings = 0;
			knownRegions = (
				en,
				Base,
			);
			mainGroup = 7FDEE1FD1E836A2F004F9125;
			productRefGroup = 7FDEE2071E836A2F004F9125 /* Products */;
			projectDirPath = "";
			projectRoot = "";
			targets = (
				7FDEE2051E836A2F004F9125 /* P7-2 */,
			);
		};
/* End PBXProject section */

/* Begin PBXResourcesBuildPhase section */
		7FDEE2041E836A2F004F9125 /* Resources */ = {
			isa = PBXResourcesBuildPhase;
			buildActionMask = 2147483647;
			files = (
				7FDEE2141E836A2F004F9125 /* LaunchScreen.storyboard in Resources */,
				7FDEE2111E836A2F004F9125 /* Assets.xcassets in Resources */,
				7FDEE20F1E836A2F004F9125 /* Main.storyboard in Resources */,
			);
			runOnlyForDeploymentPostprocessing = 0;
		};
/* End PBXResourcesBuildPhase section */

/* Begin PBXSourcesBuildPhase section */
		7FDEE2021E836A2F004F9125 /* Sources */ = {
			isa = PBXSourcesBuildPhase;
			buildActionMask = 2147483647;
			files = (
				7FDEE20C1E836A2F004F9125 /* ViewController.swift in Sources */,
				7FDEE20A1E836A2F004F9125 /* AppDelegate.swift in Sources */,
			);
			runOnlyForDeploymentPostprocessing = 0;
		};
/* End PBXSourcesBuildPhase section */

/* Begin PBXVariantGroup section */
		7FDEE20D1E836A2F004F9125 /* Main.storyboard */ = {
			isa = PBXVariantGroup;
			children = (
				7FDEE20E1E836A2F004F9125 /* Base */,
			);
			name = Main.storyboard;
			sourceTree = "<group>";
		};
		7FDEE2121E836A2F004F9125 /* LaunchScreen.storyboard */ = {
			isa = PBXVariantGroup;
			children = (
				7FDEE2131E836A2F004F9125 /* Base */,
			);
			name = LaunchScreen.storyboard;
			sourceTree = "<group>";
		};
/* End PBXVariantGroup section */

/* Begin XCBuildConfiguration section */
		7FDEE2161E836A2F004F9125 /* Debug */ = {
			isa = XCBuildConfiguration;
			buildSettings = {
				ALWAYS_SEARCH_USER_PATHS = NO;
				CLANG_ANALYZER_NONNULL = YES;
				CLANG_CXX_LANGUAGE_STANDARD = "gnu++0x";
				CLANG_CXX_LIBRARY = "libc++";
				CLANG_ENABLE_MODULES = YES;
				CLANG_ENABLE_OBJC_ARC = YES;
				CLANG_WARN_BOOL_CONVERSION = YES;
				CLANG_WARN_CONSTANT_CONVERSION = YES;
				CLANG_WARN_DIRECT_OBJC_ISA_USAGE = YES_ERROR;
				CLANG_WARN_DOCUMENTATION_COMMENTS = YES;
				CLANG_WARN_EMPTY_BODY = YES;
				CLANG_WARN_ENUM_CONVERSION = YES;
				CLANG_WARN_INFINITE_RECURSION = YES;
				CLANG_WARN_INT_CONVERSION = YES;
				CLANG_WARN_OBJC_ROOT_CLASS = YES_ERROR;
				CLANG_WARN_SUSPICIOUS_MOVE = YES;
				CLANG_WARN_UNREACHABLE_CODE = YES;
				CLANG_WARN__DUPLICATE_METHOD_MATCH = YES;
				"CODE_SIGN_IDENTITY[sdk=iphoneos*]" = "iPhone Developer";
				COPY_PHASE_STRIP = NO;
				DEBUG_INFORMATION_FORMAT = dwarf;
				ENABLE_STRICT_OBJC_MSGSEND = YES;
				ENABLE_TESTABILITY = YES;
				GCC_C_LANGUAGE_STANDARD = gnu99;
				GCC_DYNAMIC_NO_PIC = NO;
				GCC_NO_COMMON_BLOCKS = YES;
				GCC_OPTIMIZATION_LEVEL = 0;
				GCC_PREPROCESSOR_DEFINITIONS = (
					"DEBUG=1",
					"$(inherited)",
				);
				GCC_WARN_64_TO_32_BIT_CONVERSION = YES;
				GCC_WARN_ABOUT_RETURN_TYPE = YES_ERROR;
				GCC_WARN_UNDECLARED_SELECTOR = YES;
				GCC_WARN_UNINITIALIZED_AUTOS = YES_AGGRESSIVE;
				GCC_WARN_UNUSED_FUNCTION = YES;
				GCC_WARN_UNUSED_VARIABLE = YES;
				IPHONEOS_DEPLOYMENT_TARGET = 10.2;
				MTL_ENABLE_DEBUG_INFO = YES;
				ONLY_ACTIVE_ARCH = YES;
				SDKROOT = iphoneos;
				SWIFT_ACTIVE_COMPILATION_CONDITIONS = DEBUG;
				SWIFT_OPTIMIZATION_LEVEL = "-Onone";
			};
			name = Debug;
		};
		7FDEE2171E836A2F004F9125 /* Release */ = {
			isa = XCBuildConfiguration;
			buildSettings = {
				ALWAYS_SEARCH_USER_PATHS = NO;
				CLANG_ANALYZER_NONNULL = YES;
				CLANG_CXX_LANGUAGE_STANDARD = "gnu++0x";
				CLANG_CXX_LIBRARY = "libc++";
				CLANG_ENABLE_MODULES = YES;
				CLANG_ENABLE_OBJC_ARC = YES;
				CLANG_WARN_BOOL_CONVERSION = YES;
				CLANG_WARN_CONSTANT_CONVERSION = YES;
				CLANG_WARN_DIRECT_OBJC_ISA_USAGE = YES_ERROR;
				CLANG_WARN_DOCUMENTATION_COMMENTS = YES;
				CLANG_WARN_EMPTY_BODY = YES;
				CLANG_WARN_ENUM_CONVERSION = YES;
				CLANG_WARN_INFINITE_RECURSION = YES;
				CLANG_WARN_INT_CONVERSION = YES;
				CLANG_WARN_OBJC_ROOT_CLASS = YES_ERROR;
				CLANG_WARN_SUSPICIOUS_MOVE = YES;
				CLANG_WARN_UNREACHABLE_CODE = YES;
				CLANG_WARN__DUPLICATE_METHOD_MATCH = YES;
				"CODE_SIGN_IDENTITY[sdk=iphoneos*]" = "iPhone Developer";
				COPY_PHASE_STRIP = NO;
				DEBUG_INFORMATION_FORMAT = "dwarf-with-dsym";
				ENABLE_NS_ASSERTIONS = NO;
				ENABLE_STRICT_OBJC_MSGSEND = YES;
				GCC_C_LANGUAGE_STANDARD = gnu99;
				GCC_NO_COMMON_BLOCKS = YES;
				GCC_WARN_64_TO_32_BIT_CONVERSION = YES;
				GCC_WARN_ABOUT_RETURN_TYPE = YES_ERROR;
				GCC_WARN_UNDECLARED_SELECTOR = YES;
				GCC_WARN_UNINITIALIZED_AUTOS = YES_AGGRESSIVE;
				GCC_WARN_UNUSED_FUNCTION = YES;
				GCC_WARN_UNUSED_VARIABLE = YES;
				IPHONEOS_DEPLOYMENT_TARGET = 10.2;
				MTL_ENABLE_DEBUG_INFO = NO;
				SDKROOT = iphoneos;
				SWIFT_OPTIMIZATION_LEVEL = "-Owholemodule";
				VALIDATE_PRODUCT = YES;
			};
			name = Release;
		};
		7FDEE2191E836A2F004F9125 /* Debug */ = {
			isa = XCBuildConfiguration;
			buildSettings = {
				ASSETCATALOG_COMPILER_APPICON_NAME = AppIcon;
				INFOPLIST_FILE = "P7-2/Info.plist";
				LD_RUNPATH_SEARCH_PATHS = "$(inherited) @executable_path/Frameworks";
				PRODUCT_BUNDLE_IDENTIFIER = "com.codesquad.P7-2";
				PRODUCT_NAME = "$(TARGET_NAME)";
				SWIFT_VERSION = 3.0;
			};
			name = Debug;
		};
		7FDEE21A1E836A2F004F9125 /* Release */ = {
			isa = XCBuildConfiguration;
			buildSettings = {
				ASSETCATALOG_COMPILER_APPICON_NAME = AppIcon;
				INFOPLIST_FILE = "P7-2/Info.plist";
				LD_RUNPATH_SEARCH_PATHS = "$(inherited) @executable_path/Frameworks";
				PRODUCT_BUNDLE_IDENTIFIER = "com.codesquad.P7-2";
				PRODUCT_NAME = "$(TARGET_NAME)";
				SWIFT_VERSION = 3.0;
			};
			name = Release;
		};
/* End XCBuildConfiguration section */

/* Begin XCConfigurationList section */
		7FDEE2011E836A2F004F9125 /* Build configuration list for PBXProject "P7-2" */ = {
			isa = XCConfigurationList;
			buildConfigurations = (
				7FDEE2161E836A2F004F9125 /* Debug */,
				7FDEE2171E836A2F004F9125 /* Release */,
			);
			defaultConfigurationIsVisible = 0;
			defaultConfigurationName = Release;
		};
		7FDEE2181E836A2F004F9125 /* Build configuration list for PBXNativeTarget "P7-2" */ = {
			isa = XCConfigurationList;
			buildConfigurations = (
				7FDEE2191E836A2F004F9125 /* Debug */,
				7FDEE21A1E836A2F004F9125 /* Release */,
			);
			defaultConfigurationIsVisible = 0;
		};
/* End XCConfigurationList section */
	};
	rootObject = 7FDEE1FE1E836A2F004F9125 /* Project object */;
}
