// !$*UTF8*$!
{
	archiveVersion = 1;
	classes = {
	};
	objectVersion = 46;
	objects = {

/* Begin PBXBuildFile section */
		7F03B6581E7F693000FB4BCB /* AppDelegate.swift in Sources */ = {isa = PBXBuildFile; fileRef = 7F03B6571E7F693000FB4BCB /* AppDelegate.swift */; };
		7F03B65A1E7F693000FB4BCB /* ViewController.swift in Sources */ = {isa = PBXBuildFile; fileRef = 7F03B6591E7F693000FB4BCB /* ViewController.swift */; };
		7F03B65D1E7F693000FB4BCB /* Main.storyboard in Resources */ = {isa = PBXBuildFile; fileRef = 7F03B65B1E7F693000FB4BCB /* Main.storyboard */; };
		7F03B65F1E7F693000FB4BCB /* Assets.xcassets in Resources */ = {isa = PBXBuildFile; fileRef = 7F03B65E1E7F693000FB4BCB /* Assets.xcassets */; };
		7F03B6621E7F693000FB4BCB /* LaunchScreen.storyboard in Resources */ = {isa = PBXBuildFile; fileRef = 7F03B6601E7F693000FB4BCB /* LaunchScreen.storyboard */; };
		7F03B66B1E7F6A4000FB4BCB /* drinkclass.swift in Sources */ = {isa = PBXBuildFile; fileRef = 7F03B6691E7F6A4000FB4BCB /* drinkclass.swift */; };
		7F03B66C1E7F6A4000FB4BCB /* vendingmachine.swift in Sources */ = {isa = PBXBuildFile; fileRef = 7F03B66A1E7F6A4000FB4BCB /* vendingmachine.swift */; };
/* End PBXBuildFile section */

/* Begin PBXFileReference section */
		7F03B6541E7F693000FB4BCB /* MyVending.app */ = {isa = PBXFileReference; explicitFileType = wrapper.application; includeInIndex = 0; path = MyVending.app; sourceTree = BUILT_PRODUCTS_DIR; };
		7F03B6571E7F693000FB4BCB /* AppDelegate.swift */ = {isa = PBXFileReference; lastKnownFileType = sourcecode.swift; path = AppDelegate.swift; sourceTree = "<group>"; };
		7F03B6591E7F693000FB4BCB /* ViewController.swift */ = {isa = PBXFileReference; lastKnownFileType = sourcecode.swift; path = ViewController.swift; sourceTree = "<group>"; };
		7F03B65C1E7F693000FB4BCB /* Base */ = {isa = PBXFileReference; lastKnownFileType = file.storyboard; name = Base; path = Base.lproj/Main.storyboard; sourceTree = "<group>"; };
		7F03B65E1E7F693000FB4BCB /* Assets.xcassets */ = {isa = PBXFileReference; lastKnownFileType = folder.assetcatalog; path = Assets.xcassets; sourceTree = "<group>"; };
		7F03B6611E7F693000FB4BCB /* Base */ = {isa = PBXFileReference; lastKnownFileType = file.storyboard; name = Base; path = Base.lproj/LaunchScreen.storyboard; sourceTree = "<group>"; };
		7F03B6631E7F693000FB4BCB /* Info.plist */ = {isa = PBXFileReference; lastKnownFileType = text.plist.xml; path = Info.plist; sourceTree = "<group>"; };
		7F03B6691E7F6A4000FB4BCB /* drinkclass.swift */ = {isa = PBXFileReference; fileEncoding = 4; lastKnownFileType = sourcecode.swift; path = drinkclass.swift; sourceTree = "<group>"; };
		7F03B66A1E7F6A4000FB4BCB /* vendingmachine.swift */ = {isa = PBXFileReference; fileEncoding = 4; lastKnownFileType = sourcecode.swift; path = vendingmachine.swift; sourceTree = "<group>"; };
/* End PBXFileReference section */

/* Begin PBXFrameworksBuildPhase section */
		7F03B6511E7F693000FB4BCB /* Frameworks */ = {
			isa = PBXFrameworksBuildPhase;
			buildActionMask = 2147483647;
			files = (
			);
			runOnlyForDeploymentPostprocessing = 0;
		};
/* End PBXFrameworksBuildPhase section */

/* Begin PBXGroup section */
		7F03B64B1E7F693000FB4BCB = {
			isa = PBXGroup;
			children = (
				7F03B6561E7F693000FB4BCB /* MyVending */,
				7F03B6551E7F693000FB4BCB /* Products */,
			);
			sourceTree = "<group>";
		};
		7F03B6551E7F693000FB4BCB /* Products */ = {
			isa = PBXGroup;
			children = (
				7F03B6541E7F693000FB4BCB /* MyVending.app */,
			);
			name = Products;
			sourceTree = "<group>";
		};
		7F03B6561E7F693000FB4BCB /* MyVending */ = {
			isa = PBXGroup;
			children = (
				7F03B6571E7F693000FB4BCB /* AppDelegate.swift */,
				7F03B6591E7F693000FB4BCB /* ViewController.swift */,
				7F03B6691E7F6A4000FB4BCB /* drinkclass.swift */,
				7F03B66A1E7F6A4000FB4BCB /* vendingmachine.swift */,
				7F03B65B1E7F693000FB4BCB /* Main.storyboard */,
				7F03B65E1E7F693000FB4BCB /* Assets.xcassets */,
				7F03B6601E7F693000FB4BCB /* LaunchScreen.storyboard */,
				7F03B6631E7F693000FB4BCB /* Info.plist */,
			);
			path = MyVending;
			sourceTree = "<group>";
		};
/* End PBXGroup section */

/* Begin PBXNativeTarget section */
		7F03B6531E7F693000FB4BCB /* MyVending */ = {
			isa = PBXNativeTarget;
			buildConfigurationList = 7F03B6661E7F693000FB4BCB /* Build configuration list for PBXNativeTarget "MyVending" */;
			buildPhases = (
				7F03B6501E7F693000FB4BCB /* Sources */,
				7F03B6511E7F693000FB4BCB /* Frameworks */,
				7F03B6521E7F693000FB4BCB /* Resources */,
			);
			buildRules = (
			);
			dependencies = (
			);
			name = MyVending;
			productName = MyVending;
			productReference = 7F03B6541E7F693000FB4BCB /* MyVending.app */;
			productType = "com.apple.product-type.application";
		};
/* End PBXNativeTarget section */

/* Begin PBXProject section */
		7F03B64C1E7F693000FB4BCB /* Project object */ = {
			isa = PBXProject;
			attributes = {
				LastSwiftUpdateCheck = 0820;
				LastUpgradeCheck = 0820;
				ORGANIZATIONNAME = "jungwan jin";
				TargetAttributes = {
					7F03B6531E7F693000FB4BCB = {
						CreatedOnToolsVersion = 8.2.1;
						ProvisioningStyle = Automatic;
					};
				};
			};
			buildConfigurationList = 7F03B64F1E7F693000FB4BCB /* Build configuration list for PBXProject "MyVending" */;
			compatibilityVersion = "Xcode 3.2";
			developmentRegion = English;
			hasScannedForEncodings = 0;
			knownRegions = (
				en,
				Base,
			);
			mainGroup = 7F03B64B1E7F693000FB4BCB;
			productRefGroup = 7F03B6551E7F693000FB4BCB /* Products */;
			projectDirPath = "";
			projectRoot = "";
			targets = (
				7F03B6531E7F693000FB4BCB /* MyVending */,
			);
		};
/* End PBXProject section */

/* Begin PBXResourcesBuildPhase section */
		7F03B6521E7F693000FB4BCB /* Resources */ = {
			isa = PBXResourcesBuildPhase;
			buildActionMask = 2147483647;
			files = (
				7F03B6621E7F693000FB4BCB /* LaunchScreen.storyboard in Resources */,
				7F03B65F1E7F693000FB4BCB /* Assets.xcassets in Resources */,
				7F03B65D1E7F693000FB4BCB /* Main.storyboard in Resources */,
			);
			runOnlyForDeploymentPostprocessing = 0;
		};
/* End PBXResourcesBuildPhase section */

/* Begin PBXSourcesBuildPhase section */
		7F03B6501E7F693000FB4BCB /* Sources */ = {
			isa = PBXSourcesBuildPhase;
			buildActionMask = 2147483647;
			files = (
				7F03B66B1E7F6A4000FB4BCB /* drinkclass.swift in Sources */,
				7F03B65A1E7F693000FB4BCB /* ViewController.swift in Sources */,
				7F03B6581E7F693000FB4BCB /* AppDelegate.swift in Sources */,
				7F03B66C1E7F6A4000FB4BCB /* vendingmachine.swift in Sources */,
			);
			runOnlyForDeploymentPostprocessing = 0;
		};
/* End PBXSourcesBuildPhase section */

/* Begin PBXVariantGroup section */
		7F03B65B1E7F693000FB4BCB /* Main.storyboard */ = {
			isa = PBXVariantGroup;
			children = (
				7F03B65C1E7F693000FB4BCB /* Base */,
			);
			name = Main.storyboard;
			sourceTree = "<group>";
		};
		7F03B6601E7F693000FB4BCB /* LaunchScreen.storyboard */ = {
			isa = PBXVariantGroup;
			children = (
				7F03B6611E7F693000FB4BCB /* Base */,
			);
			name = LaunchScreen.storyboard;
			sourceTree = "<group>";
		};
/* End PBXVariantGroup section */

/* Begin XCBuildConfiguration section */
		7F03B6641E7F693000FB4BCB /* Debug */ = {
			isa = XCBuildConfiguration;
			buildSettings = {
				ALWAYS_SEARCH_USER_PATHS = NO;
				CLANG_ANALYZER_NONNULL = YES;
				CLANG_CXX_LANGUAGE_STANDARD = "gnu++0x";
				CLANG_CXX_LIBRARY = "libc++";
				CLANG_ENABLE_MODULES = YES;
				CLANG_ENABLE_OBJC_ARC = YES;
				CLANG_WARN_BOOL_CONVERSION = YES;
				CLANG_WARN_CONSTANT_CONVERSION = YES;
				CLANG_WARN_DIRECT_OBJC_ISA_USAGE = YES_ERROR;
				CLANG_WARN_DOCUMENTATION_COMMENTS = YES;
				CLANG_WARN_EMPTY_BODY = YES;
				CLANG_WARN_ENUM_CONVERSION = YES;
				CLANG_WARN_INFINITE_RECURSION = YES;
				CLANG_WARN_INT_CONVERSION = YES;
				CLANG_WARN_OBJC_ROOT_CLASS = YES_ERROR;
				CLANG_WARN_SUSPICIOUS_MOVE = YES;
				CLANG_WARN_UNREACHABLE_CODE = YES;
				CLANG_WARN__DUPLICATE_METHOD_MATCH = YES;
				"CODE_SIGN_IDENTITY[sdk=iphoneos*]" = "iPhone Developer";
				COPY_PHASE_STRIP = NO;
				DEBUG_INFORMATION_FORMAT = dwarf;
				ENABLE_STRICT_OBJC_MSGSEND = YES;
				ENABLE_TESTABILITY = YES;
				GCC_C_LANGUAGE_STANDARD = gnu99;
				GCC_DYNAMIC_NO_PIC = NO;
				GCC_NO_COMMON_BLOCKS = YES;
				GCC_OPTIMIZATION_LEVEL = 0;
				GCC_PREPROCESSOR_DEFINITIONS = (
					"DEBUG=1",
					"$(inherited)",
				);
				GCC_WARN_64_TO_32_BIT_CONVERSION = YES;
				GCC_WARN_ABOUT_RETURN_TYPE = YES_ERROR;
				GCC_WARN_UNDECLARED_SELECTOR = YES;
				GCC_WARN_UNINITIALIZED_AUTOS = YES_AGGRESSIVE;
				GCC_WARN_UNUSED_FUNCTION = YES;
				GCC_WARN_UNUSED_VARIABLE = YES;
				IPHONEOS_DEPLOYMENT_TARGET = 10.2;
				MTL_ENABLE_DEBUG_INFO = YES;
				ONLY_ACTIVE_ARCH = YES;
				SDKROOT = iphoneos;
				SWIFT_ACTIVE_COMPILATION_CONDITIONS = DEBUG;
				SWIFT_OPTIMIZATION_LEVEL = "-Onone";
			};
			name = Debug;
		};
		7F03B6651E7F693000FB4BCB /* Release */ = {
			isa = XCBuildConfiguration;
			buildSettings = {
				ALWAYS_SEARCH_USER_PATHS = NO;
				CLANG_ANALYZER_NONNULL = YES;
				CLANG_CXX_LANGUAGE_STANDARD = "gnu++0x";
				CLANG_CXX_LIBRARY = "libc++";
				CLANG_ENABLE_MODULES = YES;
				CLANG_ENABLE_OBJC_ARC = YES;
				CLANG_WARN_BOOL_CONVERSION = YES;
				CLANG_WARN_CONSTANT_CONVERSION = YES;
				CLANG_WARN_DIRECT_OBJC_ISA_USAGE = YES_ERROR;
				CLANG_WARN_DOCUMENTATION_COMMENTS = YES;
				CLANG_WARN_EMPTY_BODY = YES;
				CLANG_WARN_ENUM_CONVERSION = YES;
				CLANG_WARN_INFINITE_RECURSION = YES;
				CLANG_WARN_INT_CONVERSION = YES;
				CLANG_WARN_OBJC_ROOT_CLASS = YES_ERROR;
				CLANG_WARN_SUSPICIOUS_MOVE = YES;
				CLANG_WARN_UNREACHABLE_CODE = YES;
				CLANG_WARN__DUPLICATE_METHOD_MATCH = YES;
				"CODE_SIGN_IDENTITY[sdk=iphoneos*]" = "iPhone Developer";
				COPY_PHASE_STRIP = NO;
				DEBUG_INFORMATION_FORMAT = "dwarf-with-dsym";
				ENABLE_NS_ASSERTIONS = NO;
				ENABLE_STRICT_OBJC_MSGSEND = YES;
				GCC_C_LANGUAGE_STANDARD = gnu99;
				GCC_NO_COMMON_BLOCKS = YES;
				GCC_WARN_64_TO_32_BIT_CONVERSION = YES;
				GCC_WARN_ABOUT_RETURN_TYPE = YES_ERROR;
				GCC_WARN_UNDECLARED_SELECTOR = YES;
				GCC_WARN_UNINITIALIZED_AUTOS = YES_AGGRESSIVE;
				GCC_WARN_UNUSED_FUNCTION = YES;
				GCC_WARN_UNUSED_VARIABLE = YES;
				IPHONEOS_DEPLOYMENT_TARGET = 10.2;
				MTL_ENABLE_DEBUG_INFO = NO;
				SDKROOT = iphoneos;
				SWIFT_OPTIMIZATION_LEVEL = "-Owholemodule";
				VALIDATE_PRODUCT = YES;
			};
			name = Release;
		};
		7F03B6671E7F693000FB4BCB /* Debug */ = {
			isa = XCBuildConfiguration;
			buildSettings = {
				ASSETCATALOG_COMPILER_APPICON_NAME = AppIcon;
				INFOPLIST_FILE = MyVending/Info.plist;
				LD_RUNPATH_SEARCH_PATHS = "$(inherited) @executable_path/Frameworks";
				PRODUCT_BUNDLE_IDENTIFIER = com.codesquad.MyVending;
				PRODUCT_NAME = "$(TARGET_NAME)";
				SWIFT_VERSION = 3.0;
			};
			name = Debug;
		};
		7F03B6681E7F693000FB4BCB /* Release */ = {
			isa = XCBuildConfiguration;
			buildSettings = {
				ASSETCATALOG_COMPILER_APPICON_NAME = AppIcon;
				INFOPLIST_FILE = MyVending/Info.plist;
				LD_RUNPATH_SEARCH_PATHS = "$(inherited) @executable_path/Frameworks";
				PRODUCT_BUNDLE_IDENTIFIER = com.codesquad.MyVending;
				PRODUCT_NAME = "$(TARGET_NAME)";
				SWIFT_VERSION = 3.0;
			};
			name = Release;
		};
/* End XCBuildConfiguration section */

/* Begin XCConfigurationList section */
		7F03B64F1E7F693000FB4BCB /* Build configuration list for PBXProject "MyVending" */ = {
			isa = XCConfigurationList;
			buildConfigurations = (
				7F03B6641E7F693000FB4BCB /* Debug */,
				7F03B6651E7F693000FB4BCB /* Release */,
			);
			defaultConfigurationIsVisible = 0;
			defaultConfigurationName = Release;
		};
		7F03B6661E7F693000FB4BCB /* Build configuration list for PBXNativeTarget "MyVending" */ = {
			isa = XCConfigurationList;
			buildConfigurations = (
				7F03B6671E7F693000FB4BCB /* Debug */,
				7F03B6681E7F693000FB4BCB /* Release */,
			);
			defaultConfigurationIsVisible = 0;
			defaultConfigurationName = Release;
		};
/* End XCConfigurationList section */
	};
	rootObject = 7F03B64C1E7F693000FB4BCB /* Project object */;
}
